
Microsoft Visual Studio Solution File, Format Version 12.00
# Visual Studio Version 17
VisualStudioVersion = 17.0.32014.148
MinimumVisualStudioVersion = 10.0.40219.1
Project("{FAE04EC0-301F-11D3-BF4B-00C04F79EFBC}") = "CRM (EntityFramework)", "CRM (EntityFramework)\CRM (EntityFramework).csproj", "{AE229A1E-8AE0-4F97-9478-4D9CF10D9E7E}"
EndProject
Global
	GlobalSection(SolutionConfigurationPlatforms) = preSolution
		Debug|Any CPU = Debug|Any CPU
		Release|Any CPU = Release|Any CPU
	EndGlobalSection
	GlobalSection(ProjectConfigurationPlatforms) = postSolution
		{AE229A1E-8AE0-4F97-9478-4D9CF10D9E7E}.Debug|Any CPU.ActiveCfg = Debug|Any CPU
		{AE229A1E-8AE0-4F97-9478-4D9CF10D9E7E}.Debug|Any CPU.Build.0 = Debug|Any CPU
		{AE229A1E-8AE0-4F97-9478-4D9CF10D9E7E}.Release|Any CPU.ActiveCfg = Release|Any CPU
		{AE229A1E-8AE0-4F97-9478-4D9CF10D9E7E}.Release|Any CPU.Build.0 = Release|Any CPU
	EndGlobalSection
	GlobalSection(SolutionProperties) = preSolution
		HideSolutionNode = FALSE
	EndGlobalSection
	GlobalSection(ExtensibilityGlobals) = postSolution
		SolutionGuid = {8E99A9EA-5BC1-4ACF-8F5C-D9A12144904D}
	EndGlobalSection
EndGlobal
